// !$*UTF8*$!
{
	archiveVersion = 1;
	classes = {
	};
	objectVersion = 46;
	objects = {

/* Begin PBXBuildFile section */
		13344E6519FE38EF00DE6026 /* main.cpp in Sources */ = {isa = PBXBuildFile; fileRef = 13344E6419FE38EF00DE6026 /* main.cpp */; };
/* End PBXBuildFile section */

/* Begin PBXCopyFilesBuildPhase section */
		13344E5F19FE38EF00DE6026 /* CopyFiles */ = {
			isa = PBXCopyFilesBuildPhase;
			buildActionMask = 2147483647;
			dstPath = /usr/share/man/man1/;
			dstSubfolderSpec = 0;
			files = (
			);
			runOnlyForDeploymentPostprocessing = 1;
		};
/* End PBXCopyFilesBuildPhase section */

/* Begin PBXFileReference section */
		13344E6119FE38EF00DE6026 /* PAT1018 */ = {isa = PBXFileReference; explicitFileType = "compiled.mach-o.executable"; includeInIndex = 0; path = PAT1018; sourceTree = BUILT_PRODUCTS_DIR; };
		13344E6419FE38EF00DE6026 /* main.cpp */ = {isa = PBXFileReference; lastKnownFileType = sourcecode.cpp.cpp; path = main.cpp; sourceTree = "<group>"; };
/* End PBXFileReference section */

/* Begin PBXFrameworksBuildPhase section */
		13344E5E19FE38EF00DE6026 /* Frameworks */ = {
			isa = PBXFrameworksBuildPhase;
			buildActionMask = 2147483647;
			files = (
			);
			runOnlyForDeploymentPostprocessing = 0;
		};
/* End PBXFrameworksBuildPhase section */

/* Begin PBXGroup section */
		13344E5819FE38EF00DE6026 = {
			isa = PBXGroup;
			children = (
				13344E6319FE38EF00DE6026 /* PAT1018 */,
				13344E6219FE38EF00DE6026 /* Products */,
			);
			sourceTree = "<group>";
		};
		13344E6219FE38EF00DE6026 /* Products */ = {
			isa = PBXGroup;
			children = (
				13344E6119FE38EF00DE6026 /* PAT1018 */,
			);
			name = Products;
			sourceTree = "<group>";
		};
		13344E6319FE38EF00DE6026 /* PAT1018 */ = {
			isa = PBXGroup;
			children = (
				13344E6419FE38EF00DE6026 /* main.cpp */,
			);
			path = PAT1018;
			sourceTree = "<group>";
		};
/* End PBXGroup section */

/* Begin PBXNativeTarget section */
		13344E6019FE38EF00DE6026 /* PAT1018 */ = {
			isa = PBXNativeTarget;
			buildConfigurationList = 13344E6819FE38EF00DE6026 /* Build configuration list for PBXNativeTarget "PAT1018" */;
			buildPhases = (
				13344E5D19FE38EF00DE6026 /* Sources */,
				13344E5E19FE38EF00DE6026 /* Frameworks */,
				13344E5F19FE38EF00DE6026 /* CopyFiles */,
			);
			buildRules = (
			);
			dependencies = (
			);
			name = PAT1018;
			productName = PAT1018;
			productReference = 13344E6119FE38EF00DE6026 /* PAT1018 */;
			productType = "com.apple.product-type.tool";
		};
/* End PBXNativeTarget section */

/* Begin PBXProject section */
		13344E5919FE38EF00DE6026 /* Project object */ = {
			isa = PBXProject;
			attributes = {
				LastUpgradeCheck = 0610;
				ORGANIZATIONNAME = Myh;
				TargetAttributes = {
					13344E6019FE38EF00DE6026 = {
						CreatedOnToolsVersion = 6.1;
					};
				};
			};
			buildConfigurationList = 13344E5C19FE38EF00DE6026 /* Build configuration list for PBXProject "PAT1018" */;
			compatibilityVersion = "Xcode 3.2";
			developmentRegion = English;
			hasScannedForEncodings = 0;
			knownRegions = (
				en,
			);
			mainGroup = 13344E5819FE38EF00DE6026;
			productRefGroup = 13344E6219FE38EF00DE6026 /* Products */;
			projectDirPath = "";
			projectRoot = "";
			targets = (
				13344E6019FE38EF00DE6026 /* PAT1018 */,
			);
		};
/* End PBXProject section */

/* Begin PBXSourcesBuildPhase section */
		13344E5D19FE38EF00DE6026 /* Sources */ = {
			isa = PBXSourcesBuildPhase;
			buildActionMask = 2147483647;
			files = (
				13344E6519FE38EF00DE6026 /* main.cpp in Sources */,
			);
			runOnlyForDeploymentPostprocessing = 0;
		};
/* End PBXSourcesBuildPhase section */

/* Begin XCBuildConfiguration section */
		13344E6619FE38EF00DE6026 /* Debug */ = {
			isa = XCBuildConfiguration;
			buildSettings = {
				ALWAYS_SEARCH_USER_PATHS = NO;
				CLANG_CXX_LANGUAGE_STANDARD = "gnu++0x";
				CLANG_CXX_LIBRARY = "libc++";
				CLANG_ENABLE_MODULES = YES;
				CLANG_ENABLE_OBJC_ARC = YES;
				CLANG_WARN_BOOL_CONVERSION = YES;
				CLANG_WARN_CONSTANT_CONVERSION = YES;
				CLANG_WARN_DIRECT_OBJC_ISA_USAGE = YES_ERROR;
				CLANG_WARN_EMPTY_BODY = YES;
				CLANG_WARN_ENUM_CONVERSION = YES;
				CLANG_WARN_INT_CONVERSION = YES;
				CLANG_WARN_OBJC_ROOT_CLASS = YES_ERROR;
				CLANG_WARN_UNREACHABLE_CODE = YES;
				CLANG_WARN__DUPLICATE_METHOD_MATCH = YES;
				COPY_PHASE_STRIP = NO;
				ENABLE_STRICT_OBJC_MSGSEND = YES;
				GCC_C_LANGUAGE_STANDARD = gnu99;
				GCC_DYNAMIC_NO_PIC = NO;
				GCC_OPTIMIZATION_LEVEL = 0;
				GCC_PREPROCESSOR_DEFINITIONS = (
					"DEBUG=1",
					"$(inherited)",
				);
				GCC_SYMBOLS_PRIVATE_EXTERN = NO;
				GCC_WARN_64_TO_32_BIT_CONVERSION = YES;
				GCC_WARN_ABOUT_RETURN_TYPE = YES_ERROR;
				GCC_WARN_UNDECLARED_SELECTOR = YES;
				GCC_WARN_UNINITIALIZED_AUTOS = YES_AGGRESSIVE;
				GCC_WARN_UNUSED_FUNCTION = YES;
				GCC_WARN_UNUSED_VARIABLE = YES;
				MACOSX_DEPLOYMENT_TARGET = 10.10;
				MTL_ENABLE_DEBUG_INFO = YES;
				ONLY_ACTIVE_ARCH = YES;
				SDKROOT = macosx;
			};
			name = Debug;
		};
		13344E6719FE38EF00DE6026 /* Release */ = {
			isa = XCBuildConfiguration;
			buildSettings = {
				ALWAYS_SEARCH_USER_PATHS = NO;
				CLANG_CXX_LANGUAGE_STANDARD = "gnu++0x";
				CLANG_CXX_LIBRARY = "libc++";
				CLANG_ENABLE_MODULES = YES;
				CLANG_ENABLE_OBJC_ARC = YES;
				CLANG_WARN_BOOL_CONVERSION = YES;
				CLANG_WARN_CONSTANT_CONVERSION = YES;
				CLANG_WARN_DIRECT_OBJC_ISA_USAGE = YES_ERROR;
				CLANG_WARN_EMPTY_BODY = YES;
				CLANG_WARN_ENUM_CONVERSION = YES;
				CLANG_WARN_INT_CONVERSION = YES;
				CLANG_WARN_OBJC_ROOT_CLASS = YES_ERROR;
				CLANG_WARN_UNREACHABLE_CODE = YES;
				CLANG_WARN__DUPLICATE_METHOD_MATCH = YES;
				COPY_PHASE_STRIP = YES;
				DEBUG_INFORMATION_FORMAT = "dwarf-with-dsym";
				ENABLE_NS_ASSERTIONS = NO;
				ENABLE_STRICT_OBJC_MSGSEND = YES;
				GCC_C_LANGUAGE_STANDARD = gnu99;
				GCC_WARN_64_TO_32_BIT_CONVERSION = YES;
				GCC_WARN_ABOUT_RETURN_TYPE = YES_ERROR;
				GCC_WARN_UNDECLARED_SELECTOR = YES;
				GCC_WARN_UNINITIALIZED_AUTOS = YES_AGGRESSIVE;
				GCC_WARN_UNUSED_FUNCTION = YES;
				GCC_WARN_UNUSED_VARIABLE = YES;
				MACOSX_DEPLOYMENT_TARGET = 10.10;
				MTL_ENABLE_DEBUG_INFO = NO;
				SDKROOT = macosx;
			};
			name = Release;
		};
		13344E6919FE38EF00DE6026 /* Debug */ = {
			isa = XCBuildConfiguration;
			buildSettings = {
				PRODUCT_NAME = "$(TARGET_NAME)";
			};
			name = Debug;
		};
		13344E6A19FE38EF00DE6026 /* Release */ = {
			isa = XCBuildConfiguration;
			buildSettings = {
				PRODUCT_NAME = "$(TARGET_NAME)";
			};
			name = Release;
		};
/* End XCBuildConfiguration section */

/* Begin XCConfigurationList section */
		13344E5C19FE38EF00DE6026 /* Build configuration list for PBXProject "PAT1018" */ = {
			isa = XCConfigurationList;
			buildConfigurations = (
				13344E6619FE38EF00DE6026 /* Debug */,
				13344E6719FE38EF00DE6026 /* Release */,
			);
			defaultConfigurationIsVisible = 0;
			defaultConfigurationName = Release;
		};
		13344E6819FE38EF00DE6026 /* Build configuration list for PBXNativeTarget "PAT1018" */ = {
			isa = XCConfigurationList;
			buildConfigurations = (
				13344E6919FE38EF00DE6026 /* Debug */,
				13344E6A19FE38EF00DE6026 /* Release */,
			);
			defaultConfigurationIsVisible = 0;
		};
/* End XCConfigurationList section */
	};
	rootObject = 13344E5919FE38EF00DE6026 /* Project object */;
}
