// !$*UTF8*$!
{
	archiveVersion = 1;
	classes = {
	};
	objectVersion = 46;
	objects = {

/* Begin PBXBuildFile section */
		13BB7A251A9092B100AA0D67 /* main.cpp in Sources */ = {isa = PBXBuildFile; fileRef = 13BB7A241A9092B100AA0D67 /* main.cpp */; };
/* End PBXBuildFile section */

/* Begin PBXCopyFilesBuildPhase section */
		13BB7A1F1A9092B100AA0D67 /* CopyFiles */ = {
			isa = PBXCopyFilesBuildPhase;
			buildActionMask = 2147483647;
			dstPath = /usr/share/man/man1/;
			dstSubfolderSpec = 0;
			files = (
			);
			runOnlyForDeploymentPostprocessing = 1;
		};
/* End PBXCopyFilesBuildPhase section */

/* Begin PBXFileReference section */
		13BB7A211A9092B100AA0D67 /* PAT1055 */ = {isa = PBXFileReference; explicitFileType = "compiled.mach-o.executable"; includeInIndex = 0; path = PAT1055; sourceTree = BUILT_PRODUCTS_DIR; };
		13BB7A241A9092B100AA0D67 /* main.cpp */ = {isa = PBXFileReference; lastKnownFileType = sourcecode.cpp.cpp; path = main.cpp; sourceTree = "<group>"; };
/* End PBXFileReference section */

/* Begin PBXFrameworksBuildPhase section */
		13BB7A1E1A9092B100AA0D67 /* Frameworks */ = {
			isa = PBXFrameworksBuildPhase;
			buildActionMask = 2147483647;
			files = (
			);
			runOnlyForDeploymentPostprocessing = 0;
		};
/* End PBXFrameworksBuildPhase section */

/* Begin PBXGroup section */
		13BB7A181A9092B100AA0D67 = {
			isa = PBXGroup;
			children = (
				13BB7A231A9092B100AA0D67 /* PAT1055 */,
				13BB7A221A9092B100AA0D67 /* Products */,
			);
			sourceTree = "<group>";
		};
		13BB7A221A9092B100AA0D67 /* Products */ = {
			isa = PBXGroup;
			children = (
				13BB7A211A9092B100AA0D67 /* PAT1055 */,
			);
			name = Products;
			sourceTree = "<group>";
		};
		13BB7A231A9092B100AA0D67 /* PAT1055 */ = {
			isa = PBXGroup;
			children = (
				13BB7A241A9092B100AA0D67 /* main.cpp */,
			);
			path = PAT1055;
			sourceTree = "<group>";
		};
/* End PBXGroup section */

/* Begin PBXNativeTarget section */
		13BB7A201A9092B100AA0D67 /* PAT1055 */ = {
			isa = PBXNativeTarget;
			buildConfigurationList = 13BB7A281A9092B100AA0D67 /* Build configuration list for PBXNativeTarget "PAT1055" */;
			buildPhases = (
				13BB7A1D1A9092B100AA0D67 /* Sources */,
				13BB7A1E1A9092B100AA0D67 /* Frameworks */,
				13BB7A1F1A9092B100AA0D67 /* CopyFiles */,
			);
			buildRules = (
			);
			dependencies = (
			);
			name = PAT1055;
			productName = PAT1055;
			productReference = 13BB7A211A9092B100AA0D67 /* PAT1055 */;
			productType = "com.apple.product-type.tool";
		};
/* End PBXNativeTarget section */

/* Begin PBXProject section */
		13BB7A191A9092B100AA0D67 /* Project object */ = {
			isa = PBXProject;
			attributes = {
				LastUpgradeCheck = 0610;
				ORGANIZATIONNAME = Myh;
				TargetAttributes = {
					13BB7A201A9092B100AA0D67 = {
						CreatedOnToolsVersion = 6.1;
					};
				};
			};
			buildConfigurationList = 13BB7A1C1A9092B100AA0D67 /* Build configuration list for PBXProject "PAT1055" */;
			compatibilityVersion = "Xcode 3.2";
			developmentRegion = English;
			hasScannedForEncodings = 0;
			knownRegions = (
				en,
			);
			mainGroup = 13BB7A181A9092B100AA0D67;
			productRefGroup = 13BB7A221A9092B100AA0D67 /* Products */;
			projectDirPath = "";
			projectRoot = "";
			targets = (
				13BB7A201A9092B100AA0D67 /* PAT1055 */,
			);
		};
/* End PBXProject section */

/* Begin PBXSourcesBuildPhase section */
		13BB7A1D1A9092B100AA0D67 /* Sources */ = {
			isa = PBXSourcesBuildPhase;
			buildActionMask = 2147483647;
			files = (
				13BB7A251A9092B100AA0D67 /* main.cpp in Sources */,
			);
			runOnlyForDeploymentPostprocessing = 0;
		};
/* End PBXSourcesBuildPhase section */

/* Begin XCBuildConfiguration section */
		13BB7A261A9092B100AA0D67 /* Debug */ = {
			isa = XCBuildConfiguration;
			buildSettings = {
				ALWAYS_SEARCH_USER_PATHS = NO;
				CLANG_CXX_LANGUAGE_STANDARD = "gnu++0x";
				CLANG_CXX_LIBRARY = "libc++";
				CLANG_ENABLE_MODULES = YES;
				CLANG_ENABLE_OBJC_ARC = YES;
				CLANG_WARN_BOOL_CONVERSION = YES;
				CLANG_WARN_CONSTANT_CONVERSION = YES;
				CLANG_WARN_DIRECT_OBJC_ISA_USAGE = YES_ERROR;
				CLANG_WARN_EMPTY_BODY = YES;
				CLANG_WARN_ENUM_CONVERSION = YES;
				CLANG_WARN_INT_CONVERSION = YES;
				CLANG_WARN_OBJC_ROOT_CLASS = YES_ERROR;
				CLANG_WARN_UNREACHABLE_CODE = YES;
				CLANG_WARN__DUPLICATE_METHOD_MATCH = YES;
				COPY_PHASE_STRIP = NO;
				ENABLE_STRICT_OBJC_MSGSEND = YES;
				GCC_C_LANGUAGE_STANDARD = gnu99;
				GCC_DYNAMIC_NO_PIC = NO;
				GCC_OPTIMIZATION_LEVEL = 0;
				GCC_PREPROCESSOR_DEFINITIONS = (
					"DEBUG=1",
					"$(inherited)",
				);
				GCC_SYMBOLS_PRIVATE_EXTERN = NO;
				GCC_WARN_64_TO_32_BIT_CONVERSION = YES;
				GCC_WARN_ABOUT_RETURN_TYPE = YES_ERROR;
				GCC_WARN_UNDECLARED_SELECTOR = YES;
				GCC_WARN_UNINITIALIZED_AUTOS = YES_AGGRESSIVE;
				GCC_WARN_UNUSED_FUNCTION = YES;
				GCC_WARN_UNUSED_VARIABLE = YES;
				MACOSX_DEPLOYMENT_TARGET = 10.10;
				MTL_ENABLE_DEBUG_INFO = YES;
				ONLY_ACTIVE_ARCH = YES;
				SDKROOT = macosx;
			};
			name = Debug;
		};
		13BB7A271A9092B100AA0D67 /* Release */ = {
			isa = XCBuildConfiguration;
			buildSettings = {
				ALWAYS_SEARCH_USER_PATHS = NO;
				CLANG_CXX_LANGUAGE_STANDARD = "gnu++0x";
				CLANG_CXX_LIBRARY = "libc++";
				CLANG_ENABLE_MODULES = YES;
				CLANG_ENABLE_OBJC_ARC = YES;
				CLANG_WARN_BOOL_CONVERSION = YES;
				CLANG_WARN_CONSTANT_CONVERSION = YES;
				CLANG_WARN_DIRECT_OBJC_ISA_USAGE = YES_ERROR;
				CLANG_WARN_EMPTY_BODY = YES;
				CLANG_WARN_ENUM_CONVERSION = YES;
				CLANG_WARN_INT_CONVERSION = YES;
				CLANG_WARN_OBJC_ROOT_CLASS = YES_ERROR;
				CLANG_WARN_UNREACHABLE_CODE = YES;
				CLANG_WARN__DUPLICATE_METHOD_MATCH = YES;
				COPY_PHASE_STRIP = YES;
				DEBUG_INFORMATION_FORMAT = "dwarf-with-dsym";
				ENABLE_NS_ASSERTIONS = NO;
				ENABLE_STRICT_OBJC_MSGSEND = YES;
				GCC_C_LANGUAGE_STANDARD = gnu99;
				GCC_WARN_64_TO_32_BIT_CONVERSION = YES;
				GCC_WARN_ABOUT_RETURN_TYPE = YES_ERROR;
				GCC_WARN_UNDECLARED_SELECTOR = YES;
				GCC_WARN_UNINITIALIZED_AUTOS = YES_AGGRESSIVE;
				GCC_WARN_UNUSED_FUNCTION = YES;
				GCC_WARN_UNUSED_VARIABLE = YES;
				MACOSX_DEPLOYMENT_TARGET = 10.10;
				MTL_ENABLE_DEBUG_INFO = NO;
				SDKROOT = macosx;
			};
			name = Release;
		};
		13BB7A291A9092B100AA0D67 /* Debug */ = {
			isa = XCBuildConfiguration;
			buildSettings = {
				PRODUCT_NAME = "$(TARGET_NAME)";
			};
			name = Debug;
		};
		13BB7A2A1A9092B100AA0D67 /* Release */ = {
			isa = XCBuildConfiguration;
			buildSettings = {
				PRODUCT_NAME = "$(TARGET_NAME)";
			};
			name = Release;
		};
/* End XCBuildConfiguration section */

/* Begin XCConfigurationList section */
		13BB7A1C1A9092B100AA0D67 /* Build configuration list for PBXProject "PAT1055" */ = {
			isa = XCConfigurationList;
			buildConfigurations = (
				13BB7A261A9092B100AA0D67 /* Debug */,
				13BB7A271A9092B100AA0D67 /* Release */,
			);
			defaultConfigurationIsVisible = 0;
			defaultConfigurationName = Release;
		};
		13BB7A281A9092B100AA0D67 /* Build configuration list for PBXNativeTarget "PAT1055" */ = {
			isa = XCConfigurationList;
			buildConfigurations = (
				13BB7A291A9092B100AA0D67 /* Debug */,
				13BB7A2A1A9092B100AA0D67 /* Release */,
			);
			defaultConfigurationIsVisible = 0;
		};
/* End XCConfigurationList section */
	};
	rootObject = 13BB7A191A9092B100AA0D67 /* Project object */;
}
