// !$*UTF8*$!
{
	archiveVersion = 1;
	classes = {
	};
	objectVersion = 46;
	objects = {

/* Begin PBXBuildFile section */
		1368B5C31A8C8EDB00B33E8F /* main.cpp in Sources */ = {isa = PBXBuildFile; fileRef = 1368B5C21A8C8EDB00B33E8F /* main.cpp */; };
/* End PBXBuildFile section */

/* Begin PBXCopyFilesBuildPhase section */
		1368B5BD1A8C8EDB00B33E8F /* CopyFiles */ = {
			isa = PBXCopyFilesBuildPhase;
			buildActionMask = 2147483647;
			dstPath = /usr/share/man/man1/;
			dstSubfolderSpec = 0;
			files = (
			);
			runOnlyForDeploymentPostprocessing = 1;
		};
/* End PBXCopyFilesBuildPhase section */

/* Begin PBXFileReference section */
		1368B5BF1A8C8EDB00B33E8F /* PAT1042 */ = {isa = PBXFileReference; explicitFileType = "compiled.mach-o.executable"; includeInIndex = 0; path = PAT1042; sourceTree = BUILT_PRODUCTS_DIR; };
		1368B5C21A8C8EDB00B33E8F /* main.cpp */ = {isa = PBXFileReference; lastKnownFileType = sourcecode.cpp.cpp; path = main.cpp; sourceTree = "<group>"; };
/* End PBXFileReference section */

/* Begin PBXFrameworksBuildPhase section */
		1368B5BC1A8C8EDB00B33E8F /* Frameworks */ = {
			isa = PBXFrameworksBuildPhase;
			buildActionMask = 2147483647;
			files = (
			);
			runOnlyForDeploymentPostprocessing = 0;
		};
/* End PBXFrameworksBuildPhase section */

/* Begin PBXGroup section */
		1368B5B61A8C8EDB00B33E8F = {
			isa = PBXGroup;
			children = (
				1368B5C11A8C8EDB00B33E8F /* PAT1042 */,
				1368B5C01A8C8EDB00B33E8F /* Products */,
			);
			sourceTree = "<group>";
		};
		1368B5C01A8C8EDB00B33E8F /* Products */ = {
			isa = PBXGroup;
			children = (
				1368B5BF1A8C8EDB00B33E8F /* PAT1042 */,
			);
			name = Products;
			sourceTree = "<group>";
		};
		1368B5C11A8C8EDB00B33E8F /* PAT1042 */ = {
			isa = PBXGroup;
			children = (
				1368B5C21A8C8EDB00B33E8F /* main.cpp */,
			);
			path = PAT1042;
			sourceTree = "<group>";
		};
/* End PBXGroup section */

/* Begin PBXNativeTarget section */
		1368B5BE1A8C8EDB00B33E8F /* PAT1042 */ = {
			isa = PBXNativeTarget;
			buildConfigurationList = 1368B5C61A8C8EDB00B33E8F /* Build configuration list for PBXNativeTarget "PAT1042" */;
			buildPhases = (
				1368B5BB1A8C8EDB00B33E8F /* Sources */,
				1368B5BC1A8C8EDB00B33E8F /* Frameworks */,
				1368B5BD1A8C8EDB00B33E8F /* CopyFiles */,
			);
			buildRules = (
			);
			dependencies = (
			);
			name = PAT1042;
			productName = PAT1042;
			productReference = 1368B5BF1A8C8EDB00B33E8F /* PAT1042 */;
			productType = "com.apple.product-type.tool";
		};
/* End PBXNativeTarget section */

/* Begin PBXProject section */
		1368B5B71A8C8EDB00B33E8F /* Project object */ = {
			isa = PBXProject;
			attributes = {
				LastUpgradeCheck = 0610;
				ORGANIZATIONNAME = Myh;
				TargetAttributes = {
					1368B5BE1A8C8EDB00B33E8F = {
						CreatedOnToolsVersion = 6.1;
					};
				};
			};
			buildConfigurationList = 1368B5BA1A8C8EDB00B33E8F /* Build configuration list for PBXProject "PAT1042" */;
			compatibilityVersion = "Xcode 3.2";
			developmentRegion = English;
			hasScannedForEncodings = 0;
			knownRegions = (
				en,
			);
			mainGroup = 1368B5B61A8C8EDB00B33E8F;
			productRefGroup = 1368B5C01A8C8EDB00B33E8F /* Products */;
			projectDirPath = "";
			projectRoot = "";
			targets = (
				1368B5BE1A8C8EDB00B33E8F /* PAT1042 */,
			);
		};
/* End PBXProject section */

/* Begin PBXSourcesBuildPhase section */
		1368B5BB1A8C8EDB00B33E8F /* Sources */ = {
			isa = PBXSourcesBuildPhase;
			buildActionMask = 2147483647;
			files = (
				1368B5C31A8C8EDB00B33E8F /* main.cpp in Sources */,
			);
			runOnlyForDeploymentPostprocessing = 0;
		};
/* End PBXSourcesBuildPhase section */

/* Begin XCBuildConfiguration section */
		1368B5C41A8C8EDB00B33E8F /* Debug */ = {
			isa = XCBuildConfiguration;
			buildSettings = {
				ALWAYS_SEARCH_USER_PATHS = NO;
				CLANG_CXX_LANGUAGE_STANDARD = "gnu++0x";
				CLANG_CXX_LIBRARY = "libc++";
				CLANG_ENABLE_MODULES = YES;
				CLANG_ENABLE_OBJC_ARC = YES;
				CLANG_WARN_BOOL_CONVERSION = YES;
				CLANG_WARN_CONSTANT_CONVERSION = YES;
				CLANG_WARN_DIRECT_OBJC_ISA_USAGE = YES_ERROR;
				CLANG_WARN_EMPTY_BODY = YES;
				CLANG_WARN_ENUM_CONVERSION = YES;
				CLANG_WARN_INT_CONVERSION = YES;
				CLANG_WARN_OBJC_ROOT_CLASS = YES_ERROR;
				CLANG_WARN_UNREACHABLE_CODE = YES;
				CLANG_WARN__DUPLICATE_METHOD_MATCH = YES;
				COPY_PHASE_STRIP = NO;
				ENABLE_STRICT_OBJC_MSGSEND = YES;
				GCC_C_LANGUAGE_STANDARD = gnu99;
				GCC_DYNAMIC_NO_PIC = NO;
				GCC_OPTIMIZATION_LEVEL = 0;
				GCC_PREPROCESSOR_DEFINITIONS = (
					"DEBUG=1",
					"$(inherited)",
				);
				GCC_SYMBOLS_PRIVATE_EXTERN = NO;
				GCC_WARN_64_TO_32_BIT_CONVERSION = YES;
				GCC_WARN_ABOUT_RETURN_TYPE = YES_ERROR;
				GCC_WARN_UNDECLARED_SELECTOR = YES;
				GCC_WARN_UNINITIALIZED_AUTOS = YES_AGGRESSIVE;
				GCC_WARN_UNUSED_FUNCTION = YES;
				GCC_WARN_UNUSED_VARIABLE = YES;
				MACOSX_DEPLOYMENT_TARGET = 10.10;
				MTL_ENABLE_DEBUG_INFO = YES;
				ONLY_ACTIVE_ARCH = YES;
				SDKROOT = macosx;
			};
			name = Debug;
		};
		1368B5C51A8C8EDB00B33E8F /* Release */ = {
			isa = XCBuildConfiguration;
			buildSettings = {
				ALWAYS_SEARCH_USER_PATHS = NO;
				CLANG_CXX_LANGUAGE_STANDARD = "gnu++0x";
				CLANG_CXX_LIBRARY = "libc++";
				CLANG_ENABLE_MODULES = YES;
				CLANG_ENABLE_OBJC_ARC = YES;
				CLANG_WARN_BOOL_CONVERSION = YES;
				CLANG_WARN_CONSTANT_CONVERSION = YES;
				CLANG_WARN_DIRECT_OBJC_ISA_USAGE = YES_ERROR;
				CLANG_WARN_EMPTY_BODY = YES;
				CLANG_WARN_ENUM_CONVERSION = YES;
				CLANG_WARN_INT_CONVERSION = YES;
				CLANG_WARN_OBJC_ROOT_CLASS = YES_ERROR;
				CLANG_WARN_UNREACHABLE_CODE = YES;
				CLANG_WARN__DUPLICATE_METHOD_MATCH = YES;
				COPY_PHASE_STRIP = YES;
				DEBUG_INFORMATION_FORMAT = "dwarf-with-dsym";
				ENABLE_NS_ASSERTIONS = NO;
				ENABLE_STRICT_OBJC_MSGSEND = YES;
				GCC_C_LANGUAGE_STANDARD = gnu99;
				GCC_WARN_64_TO_32_BIT_CONVERSION = YES;
				GCC_WARN_ABOUT_RETURN_TYPE = YES_ERROR;
				GCC_WARN_UNDECLARED_SELECTOR = YES;
				GCC_WARN_UNINITIALIZED_AUTOS = YES_AGGRESSIVE;
				GCC_WARN_UNUSED_FUNCTION = YES;
				GCC_WARN_UNUSED_VARIABLE = YES;
				MACOSX_DEPLOYMENT_TARGET = 10.10;
				MTL_ENABLE_DEBUG_INFO = NO;
				SDKROOT = macosx;
			};
			name = Release;
		};
		1368B5C71A8C8EDB00B33E8F /* Debug */ = {
			isa = XCBuildConfiguration;
			buildSettings = {
				PRODUCT_NAME = "$(TARGET_NAME)";
			};
			name = Debug;
		};
		1368B5C81A8C8EDB00B33E8F /* Release */ = {
			isa = XCBuildConfiguration;
			buildSettings = {
				PRODUCT_NAME = "$(TARGET_NAME)";
			};
			name = Release;
		};
/* End XCBuildConfiguration section */

/* Begin XCConfigurationList section */
		1368B5BA1A8C8EDB00B33E8F /* Build configuration list for PBXProject "PAT1042" */ = {
			isa = XCConfigurationList;
			buildConfigurations = (
				1368B5C41A8C8EDB00B33E8F /* Debug */,
				1368B5C51A8C8EDB00B33E8F /* Release */,
			);
			defaultConfigurationIsVisible = 0;
			defaultConfigurationName = Release;
		};
		1368B5C61A8C8EDB00B33E8F /* Build configuration list for PBXNativeTarget "PAT1042" */ = {
			isa = XCConfigurationList;
			buildConfigurations = (
				1368B5C71A8C8EDB00B33E8F /* Debug */,
				1368B5C81A8C8EDB00B33E8F /* Release */,
			);
			defaultConfigurationIsVisible = 0;
		};
/* End XCConfigurationList section */
	};
	rootObject = 1368B5B71A8C8EDB00B33E8F /* Project object */;
}
